// !$*UTF8*$!
{
	archiveVersion = 1;
	classes = {
	};
	objectVersion = 50;
	objects = {

/* Begin PBXBuildFile section */
		F889A4DA21F06507006870FF /* AppDelegate.m in Sources */ = {isa = PBXBuildFile; fileRef = F889A4D921F06507006870FF /* AppDelegate.m */; };
		F889A4DD21F06507006870FF /* ViewController.m in Sources */ = {isa = PBXBuildFile; fileRef = F889A4DC21F06507006870FF /* ViewController.m */; };
		F889A4E021F06507006870FF /* Main.storyboard in Resources */ = {isa = PBXBuildFile; fileRef = F889A4DE21F06507006870FF /* Main.storyboard */; };
		F889A4E221F06509006870FF /* Assets.xcassets in Resources */ = {isa = PBXBuildFile; fileRef = F889A4E121F06509006870FF /* Assets.xcassets */; };
		F889A4E521F06509006870FF /* LaunchScreen.storyboard in Resources */ = {isa = PBXBuildFile; fileRef = F889A4E321F06509006870FF /* LaunchScreen.storyboard */; };
		F889A4E821F06509006870FF /* main.m in Sources */ = {isa = PBXBuildFile; fileRef = F889A4E721F06509006870FF /* main.m */; };
		F889A4F021F06592006870FF /* OpenGLES.framework in Frameworks */ = {isa = PBXBuildFile; fileRef = F889A4EF21F06592006870FF /* OpenGLES.framework */; };
		F889A4F221F0659D006870FF /* GLKit.framework in Frameworks */ = {isa = PBXBuildFile; fileRef = F889A4F121F0659D006870FF /* GLKit.framework */; };
		F889A4F421F065A5006870FF /* QuartzCore.framework in Frameworks */ = {isa = PBXBuildFile; fileRef = F889A4F321F065A4006870FF /* QuartzCore.framework */; };
		F889A4F721F065CF006870FF /* AGLKContext.m in Sources */ = {isa = PBXBuildFile; fileRef = F889A4F621F065CF006870FF /* AGLKContext.m */; };
		F889A4FA21F06A2D006870FF /* AGLKVertexAttribArrayBuffer.m in Sources */ = {isa = PBXBuildFile; fileRef = F889A4F921F06A2D006870FF /* AGLKVertexAttribArrayBuffer.m */; };
/* End PBXBuildFile section */

/* Begin PBXFileReference section */
		F889A4D521F06507006870FF /* OpenGLES_Ch3_4.app */ = {isa = PBXFileReference; explicitFileType = wrapper.application; includeInIndex = 0; path = OpenGLES_Ch3_4.app; sourceTree = BUILT_PRODUCTS_DIR; };
		F889A4D821F06507006870FF /* AppDelegate.h */ = {isa = PBXFileReference; lastKnownFileType = sourcecode.c.h; path = AppDelegate.h; sourceTree = "<group>"; };
		F889A4D921F06507006870FF /* AppDelegate.m */ = {isa = PBXFileReference; lastKnownFileType = sourcecode.c.objc; path = AppDelegate.m; sourceTree = "<group>"; };
		F889A4DB21F06507006870FF /* ViewController.h */ = {isa = PBXFileReference; lastKnownFileType = sourcecode.c.h; path = ViewController.h; sourceTree = "<group>"; };
		F889A4DC21F06507006870FF /* ViewController.m */ = {isa = PBXFileReference; lastKnownFileType = sourcecode.c.objc; path = ViewController.m; sourceTree = "<group>"; };
		F889A4DF21F06507006870FF /* Base */ = {isa = PBXFileReference; lastKnownFileType = file.storyboard; name = Base; path = Base.lproj/Main.storyboard; sourceTree = "<group>"; };
		F889A4E121F06509006870FF /* Assets.xcassets */ = {isa = PBXFileReference; lastKnownFileType = folder.assetcatalog; path = Assets.xcassets; sourceTree = "<group>"; };
		F889A4E421F06509006870FF /* Base */ = {isa = PBXFileReference; lastKnownFileType = file.storyboard; name = Base; path = Base.lproj/LaunchScreen.storyboard; sourceTree = "<group>"; };
		F889A4E621F06509006870FF /* Info.plist */ = {isa = PBXFileReference; lastKnownFileType = text.plist.xml; path = Info.plist; sourceTree = "<group>"; };
		F889A4E721F06509006870FF /* main.m */ = {isa = PBXFileReference; lastKnownFileType = sourcecode.c.objc; path = main.m; sourceTree = "<group>"; };
		F889A4EF21F06592006870FF /* OpenGLES.framework */ = {isa = PBXFileReference; lastKnownFileType = wrapper.framework; name = OpenGLES.framework; path = System/Library/Frameworks/OpenGLES.framework; sourceTree = SDKROOT; };
		F889A4F121F0659D006870FF /* GLKit.framework */ = {isa = PBXFileReference; lastKnownFileType = wrapper.framework; name = GLKit.framework; path = System/Library/Frameworks/GLKit.framework; sourceTree = SDKROOT; };
		F889A4F321F065A4006870FF /* QuartzCore.framework */ = {isa = PBXFileReference; lastKnownFileType = wrapper.framework; name = QuartzCore.framework; path = System/Library/Frameworks/QuartzCore.framework; sourceTree = SDKROOT; };
		F889A4F521F065CF006870FF /* AGLKContext.h */ = {isa = PBXFileReference; lastKnownFileType = sourcecode.c.h; path = AGLKContext.h; sourceTree = "<group>"; };
		F889A4F621F065CF006870FF /* AGLKContext.m */ = {isa = PBXFileReference; lastKnownFileType = sourcecode.c.objc; path = AGLKContext.m; sourceTree = "<group>"; };
		F889A4F821F06A2D006870FF /* AGLKVertexAttribArrayBuffer.h */ = {isa = PBXFileReference; lastKnownFileType = sourcecode.c.h; path = AGLKVertexAttribArrayBuffer.h; sourceTree = "<group>"; };
		F889A4F921F06A2D006870FF /* AGLKVertexAttribArrayBuffer.m */ = {isa = PBXFileReference; lastKnownFileType = sourcecode.c.objc; path = AGLKVertexAttribArrayBuffer.m; sourceTree = "<group>"; };
/* End PBXFileReference section */

/* Begin PBXFrameworksBuildPhase section */
		F889A4D221F06507006870FF /* Frameworks */ = {
			isa = PBXFrameworksBuildPhase;
			buildActionMask = 2147483647;
			files = (
				F889A4F421F065A5006870FF /* QuartzCore.framework in Frameworks */,
				F889A4F221F0659D006870FF /* GLKit.framework in Frameworks */,
				F889A4F021F06592006870FF /* OpenGLES.framework in Frameworks */,
			);
			runOnlyForDeploymentPostprocessing = 0;
		};
/* End PBXFrameworksBuildPhase section */

/* Begin PBXGroup section */
		F889A4CC21F06507006870FF = {
			isa = PBXGroup;
			children = (
				F889A4D721F06507006870FF /* OpenGLES_Ch3_4 */,
				F889A4D621F06507006870FF /* Products */,
				F889A4EE21F06592006870FF /* Frameworks */,
			);
			sourceTree = "<group>";
		};
		F889A4D621F06507006870FF /* Products */ = {
			isa = PBXGroup;
			children = (
				F889A4D521F06507006870FF /* OpenGLES_Ch3_4.app */,
			);
			name = Products;
			sourceTree = "<group>";
		};
		F889A4D721F06507006870FF /* OpenGLES_Ch3_4 */ = {
			isa = PBXGroup;
			children = (
				F889A4D821F06507006870FF /* AppDelegate.h */,
				F889A4D921F06507006870FF /* AppDelegate.m */,
				F889A4F521F065CF006870FF /* AGLKContext.h */,
				F889A4F621F065CF006870FF /* AGLKContext.m */,
				F889A4F821F06A2D006870FF /* AGLKVertexAttribArrayBuffer.h */,
				F889A4F921F06A2D006870FF /* AGLKVertexAttribArrayBuffer.m */,
				F889A4DB21F06507006870FF /* ViewController.h */,
				F889A4DC21F06507006870FF /* ViewController.m */,
				F889A4DE21F06507006870FF /* Main.storyboard */,
				F889A4E121F06509006870FF /* Assets.xcassets */,
				F889A4E321F06509006870FF /* LaunchScreen.storyboard */,
				F889A4E621F06509006870FF /* Info.plist */,
				F889A4E721F06509006870FF /* main.m */,
			);
			path = OpenGLES_Ch3_4;
			sourceTree = "<group>";
		};
		F889A4EE21F06592006870FF /* Frameworks */ = {
			isa = PBXGroup;
			children = (
				F889A4F321F065A4006870FF /* QuartzCore.framework */,
				F889A4F121F0659D006870FF /* GLKit.framework */,
				F889A4EF21F06592006870FF /* OpenGLES.framework */,
			);
			name = Frameworks;
			sourceTree = "<group>";
		};
/* End PBXGroup section */

/* Begin PBXNativeTarget section */
		F889A4D421F06507006870FF /* OpenGLES_Ch3_4 */ = {
			isa = PBXNativeTarget;
			buildConfigurationList = F889A4EB21F06509006870FF /* Build configuration list for PBXNativeTarget "OpenGLES_Ch3_4" */;
			buildPhases = (
				F889A4D121F06507006870FF /* Sources */,
				F889A4D221F06507006870FF /* Frameworks */,
				F889A4D321F06507006870FF /* Resources */,
			);
			buildRules = (
			);
			dependencies = (
			);
			name = OpenGLES_Ch3_4;
			productName = OpenGLES_Ch3_4;
			productReference = F889A4D521F06507006870FF /* OpenGLES_Ch3_4.app */;
			productType = "com.apple.product-type.application";
		};
/* End PBXNativeTarget section */

/* Begin PBXProject section */
		F889A4CD21F06507006870FF /* Project object */ = {
			isa = PBXProject;
			attributes = {
				LastUpgradeCheck = 1010;
				ORGANIZATIONNAME = Frank.zhang;
				TargetAttributes = {
					F889A4D421F06507006870FF = {
						CreatedOnToolsVersion = 10.1;
					};
				};
			};
			buildConfigurationList = F889A4D021F06507006870FF /* Build configuration list for PBXProject "OpenGLES_Ch3_4" */;
			compatibilityVersion = "Xcode 9.3";
			developmentRegion = en;
			hasScannedForEncodings = 0;
			knownRegions = (
				en,
				Base,
			);
			mainGroup = F889A4CC21F06507006870FF;
			productRefGroup = F889A4D621F06507006870FF /* Products */;
			projectDirPath = "";
			projectRoot = "";
			targets = (
				F889A4D421F06507006870FF /* OpenGLES_Ch3_4 */,
			);
		};
/* End PBXProject section */

/* Begin PBXResourcesBuildPhase section */
		F889A4D321F06507006870FF /* Resources */ = {
			isa = PBXResourcesBuildPhase;
			buildActionMask = 2147483647;
			files = (
				F889A4E521F06509006870FF /* LaunchScreen.storyboard in Resources */,
				F889A4E221F06509006870FF /* Assets.xcassets in Resources */,
				F889A4E021F06507006870FF /* Main.storyboard in Resources */,
			);
			runOnlyForDeploymentPostprocessing = 0;
		};
/* End PBXResourcesBuildPhase section */

/* Begin PBXSourcesBuildPhase section */
		F889A4D121F06507006870FF /* Sources */ = {
			isa = PBXSourcesBuildPhase;
			buildActionMask = 2147483647;
			files = (
				F889A4F721F065CF006870FF /* AGLKContext.m in Sources */,
				F889A4DD21F06507006870FF /* ViewController.m in Sources */,
				F889A4FA21F06A2D006870FF /* AGLKVertexAttribArrayBuffer.m in Sources */,
				F889A4E821F06509006870FF /* main.m in Sources */,
				F889A4DA21F06507006870FF /* AppDelegate.m in Sources */,
			);
			runOnlyForDeploymentPostprocessing = 0;
		};
/* End PBXSourcesBuildPhase section */

/* Begin PBXVariantGroup section */
		F889A4DE21F06507006870FF /* Main.storyboard */ = {
			isa = PBXVariantGroup;
			children = (
				F889A4DF21F06507006870FF /* Base */,
			);
			name = Main.storyboard;
			sourceTree = "<group>";
		};
		F889A4E321F06509006870FF /* LaunchScreen.storyboard */ = {
			isa = PBXVariantGroup;
			children = (
				F889A4E421F06509006870FF /* Base */,
			);
			name = LaunchScreen.storyboard;
			sourceTree = "<group>";
		};
/* End PBXVariantGroup section */

/* Begin XCBuildConfiguration section */
		F889A4E921F06509006870FF /* Debug */ = {
			isa = XCBuildConfiguration;
			buildSettings = {
				ALWAYS_SEARCH_USER_PATHS = NO;
				CLANG_ANALYZER_NONNULL = YES;
				CLANG_ANALYZER_NUMBER_OBJECT_CONVERSION = YES_AGGRESSIVE;
				CLANG_CXX_LANGUAGE_STANDARD = "gnu++14";
				CLANG_CXX_LIBRARY = "libc++";
				CLANG_ENABLE_MODULES = YES;
				CLANG_ENABLE_OBJC_ARC = YES;
				CLANG_ENABLE_OBJC_WEAK = YES;
				CLANG_WARN_BLOCK_CAPTURE_AUTORELEASING = YES;
				CLANG_WARN_BOOL_CONVERSION = YES;
				CLANG_WARN_COMMA = YES;
				CLANG_WARN_CONSTANT_CONVERSION = YES;
				CLANG_WARN_DEPRECATED_OBJC_IMPLEMENTATIONS = YES;
				CLANG_WARN_DIRECT_OBJC_ISA_USAGE = YES_ERROR;
				CLANG_WARN_DOCUMENTATION_COMMENTS = YES;
				CLANG_WARN_EMPTY_BODY = YES;
				CLANG_WARN_ENUM_CONVERSION = YES;
				CLANG_WARN_INFINITE_RECURSION = YES;
				CLANG_WARN_INT_CONVERSION = YES;
				CLANG_WARN_NON_LITERAL_NULL_CONVERSION = YES;
				CLANG_WARN_OBJC_IMPLICIT_RETAIN_SELF = YES;
				CLANG_WARN_OBJC_LITERAL_CONVERSION = YES;
				CLANG_WARN_OBJC_ROOT_CLASS = YES_ERROR;
				CLANG_WARN_RANGE_LOOP_ANALYSIS = YES;
				CLANG_WARN_STRICT_PROTOTYPES = YES;
				CLANG_WARN_SUSPICIOUS_MOVE = YES;
				CLANG_WARN_UNGUARDED_AVAILABILITY = YES_AGGRESSIVE;
				CLANG_WARN_UNREACHABLE_CODE = YES;
				CLANG_WARN__DUPLICATE_METHOD_MATCH = YES;
				CODE_SIGN_IDENTITY = "iPhone Developer";
				COPY_PHASE_STRIP = NO;
				DEBUG_INFORMATION_FORMAT = dwarf;
				ENABLE_STRICT_OBJC_MSGSEND = YES;
				ENABLE_TESTABILITY = YES;
				GCC_C_LANGUAGE_STANDARD = gnu11;
				GCC_DYNAMIC_NO_PIC = NO;
				GCC_NO_COMMON_BLOCKS = YES;
				GCC_OPTIMIZATION_LEVEL = 0;
				GCC_PREPROCESSOR_DEFINITIONS = (
					"DEBUG=1",
					"$(inherited)",
				);
				GCC_WARN_64_TO_32_BIT_CONVERSION = YES;
				GCC_WARN_ABOUT_RETURN_TYPE = YES_ERROR;
				GCC_WARN_UNDECLARED_SELECTOR = YES;
				GCC_WARN_UNINITIALIZED_AUTOS = YES_AGGRESSIVE;
				GCC_WARN_UNUSED_FUNCTION = YES;
				GCC_WARN_UNUSED_VARIABLE = YES;
				IPHONEOS_DEPLOYMENT_TARGET = 12.1;
				MTL_ENABLE_DEBUG_INFO = INCLUDE_SOURCE;
				MTL_FAST_MATH = YES;
				ONLY_ACTIVE_ARCH = YES;
				SDKROOT = iphoneos;
			};
			name = Debug;
		};
		F889A4EA21F06509006870FF /* Release */ = {
			isa = XCBuildConfiguration;
			buildSettings = {
				ALWAYS_SEARCH_USER_PATHS = NO;
				CLANG_ANALYZER_NONNULL = YES;
				CLANG_ANALYZER_NUMBER_OBJECT_CONVERSION = YES_AGGRESSIVE;
				CLANG_CXX_LANGUAGE_STANDARD = "gnu++14";
				CLANG_CXX_LIBRARY = "libc++";
				CLANG_ENABLE_MODULES = YES;
				CLANG_ENABLE_OBJC_ARC = YES;
				CLANG_ENABLE_OBJC_WEAK = YES;
				CLANG_WARN_BLOCK_CAPTURE_AUTORELEASING = YES;
				CLANG_WARN_BOOL_CONVERSION = YES;
				CLANG_WARN_COMMA = YES;
				CLANG_WARN_CONSTANT_CONVERSION = YES;
				CLANG_WARN_DEPRECATED_OBJC_IMPLEMENTATIONS = YES;
				CLANG_WARN_DIRECT_OBJC_ISA_USAGE = YES_ERROR;
				CLANG_WARN_DOCUMENTATION_COMMENTS = YES;
				CLANG_WARN_EMPTY_BODY = YES;
				CLANG_WARN_ENUM_CONVERSION = YES;
				CLANG_WARN_INFINITE_RECURSION = YES;
				CLANG_WARN_INT_CONVERSION = YES;
				CLANG_WARN_NON_LITERAL_NULL_CONVERSION = YES;
				CLANG_WARN_OBJC_IMPLICIT_RETAIN_SELF = YES;
				CLANG_WARN_OBJC_LITERAL_CONVERSION = YES;
				CLANG_WARN_OBJC_ROOT_CLASS = YES_ERROR;
				CLANG_WARN_RANGE_LOOP_ANALYSIS = YES;
				CLANG_WARN_STRICT_PROTOTYPES = YES;
				CLANG_WARN_SUSPICIOUS_MOVE = YES;
				CLANG_WARN_UNGUARDED_AVAILABILITY = YES_AGGRESSIVE;
				CLANG_WARN_UNREACHABLE_CODE = YES;
				CLANG_WARN__DUPLICATE_METHOD_MATCH = YES;
				CODE_SIGN_IDENTITY = "iPhone Developer";
				COPY_PHASE_STRIP = NO;
				DEBUG_INFORMATION_FORMAT = "dwarf-with-dsym";
				ENABLE_NS_ASSERTIONS = NO;
				ENABLE_STRICT_OBJC_MSGSEND = YES;
				GCC_C_LANGUAGE_STANDARD = gnu11;
				GCC_NO_COMMON_BLOCKS = YES;
				GCC_WARN_64_TO_32_BIT_CONVERSION = YES;
				GCC_WARN_ABOUT_RETURN_TYPE = YES_ERROR;
				GCC_WARN_UNDECLARED_SELECTOR = YES;
				GCC_WARN_UNINITIALIZED_AUTOS = YES_AGGRESSIVE;
				GCC_WARN_UNUSED_FUNCTION = YES;
				GCC_WARN_UNUSED_VARIABLE = YES;
				IPHONEOS_DEPLOYMENT_TARGET = 12.1;
				MTL_ENABLE_DEBUG_INFO = NO;
				MTL_FAST_MATH = YES;
				SDKROOT = iphoneos;
				VALIDATE_PRODUCT = YES;
			};
			name = Release;
		};
		F889A4EC21F06509006870FF /* Debug */ = {
			isa = XCBuildConfiguration;
			buildSettings = {
				ASSETCATALOG_COMPILER_APPICON_NAME = AppIcon;
				CODE_SIGN_STYLE = Automatic;
				DEVELOPMENT_TEAM = 6BWWY5VW6C;
				INFOPLIST_FILE = OpenGLES_Ch3_4/Info.plist;
				LD_RUNPATH_SEARCH_PATHS = (
					"$(inherited)",
					"@executable_path/Frameworks",
				);
				PRODUCT_BUNDLE_IDENTIFIER = "Neulion.OpenGLES-Ch3-4";
				PRODUCT_NAME = "$(TARGET_NAME)";
				TARGETED_DEVICE_FAMILY = "1,2";
			};
			name = Debug;
		};
		F889A4ED21F06509006870FF /* Release */ = {
			isa = XCBuildConfiguration;
			buildSettings = {
				ASSETCATALOG_COMPILER_APPICON_NAME = AppIcon;
				CODE_SIGN_STYLE = Automatic;
				DEVELOPMENT_TEAM = 6BWWY5VW6C;
				INFOPLIST_FILE = OpenGLES_Ch3_4/Info.plist;
				LD_RUNPATH_SEARCH_PATHS = (
					"$(inherited)",
					"@executable_path/Frameworks",
				);
				PRODUCT_BUNDLE_IDENTIFIER = "Neulion.OpenGLES-Ch3-4";
				PRODUCT_NAME = "$(TARGET_NAME)";
				TARGETED_DEVICE_FAMILY = "1,2";
			};
			name = Release;
		};
/* End XCBuildConfiguration section */

/* Begin XCConfigurationList section */
		F889A4D021F06507006870FF /* Build configuration list for PBXProject "OpenGLES_Ch3_4" */ = {
			isa = XCConfigurationList;
			buildConfigurations = (
				F889A4E921F06509006870FF /* Debug */,
				F889A4EA21F06509006870FF /* Release */,
			);
			defaultConfigurationIsVisible = 0;
			defaultConfigurationName = Release;
		};
		F889A4EB21F06509006870FF /* Build configuration list for PBXNativeTarget "OpenGLES_Ch3_4" */ = {
			isa = XCConfigurationList;
			buildConfigurations = (
				F889A4EC21F06509006870FF /* Debug */,
				F889A4ED21F06509006870FF /* Release */,
			);
			defaultConfigurationIsVisible = 0;
			defaultConfigurationName = Release;
		};
/* End XCConfigurationList section */
	};
	rootObject = F889A4CD21F06507006870FF /* Project object */;
}
