// !$*UTF8*$!
{
	archiveVersion = 1;
	classes = {
	};
	objectVersion = 50;
	objects = {

/* Begin PBXBuildFile section */
		F82246DA21F5CD6900CFBA4C /* AppDelegate.m in Sources */ = {isa = PBXBuildFile; fileRef = F82246D921F5CD6900CFBA4C /* AppDelegate.m */; };
		F82246DD21F5CD6900CFBA4C /* ViewController.m in Sources */ = {isa = PBXBuildFile; fileRef = F82246DC21F5CD6900CFBA4C /* ViewController.m */; };
		F82246E021F5CD6900CFBA4C /* Main.storyboard in Resources */ = {isa = PBXBuildFile; fileRef = F82246DE21F5CD6900CFBA4C /* Main.storyboard */; };
		F82246E221F5CD7000CFBA4C /* Assets.xcassets in Resources */ = {isa = PBXBuildFile; fileRef = F82246E121F5CD7000CFBA4C /* Assets.xcassets */; };
		F82246E521F5CD7000CFBA4C /* LaunchScreen.storyboard in Resources */ = {isa = PBXBuildFile; fileRef = F82246E321F5CD7000CFBA4C /* LaunchScreen.storyboard */; };
		F82246E821F5CD7000CFBA4C /* main.m in Sources */ = {isa = PBXBuildFile; fileRef = F82246E721F5CD7000CFBA4C /* main.m */; };
		F82246F021F5CE2500CFBA4C /* AGLKContext.m in Sources */ = {isa = PBXBuildFile; fileRef = F82246EF21F5CE2500CFBA4C /* AGLKContext.m */; };
		F8334CF621F6B75200E81B04 /* AGLKVertexAttribArrayBuffer.m in Sources */ = {isa = PBXBuildFile; fileRef = F8334CF521F6B75200E81B04 /* AGLKVertexAttribArrayBuffer.m */; };
/* End PBXBuildFile section */

/* Begin PBXFileReference section */
		F82246D521F5CD6900CFBA4C /* OpenGLES_Ch4_1.app */ = {isa = PBXFileReference; explicitFileType = wrapper.application; includeInIndex = 0; path = OpenGLES_Ch4_1.app; sourceTree = BUILT_PRODUCTS_DIR; };
		F82246D821F5CD6900CFBA4C /* AppDelegate.h */ = {isa = PBXFileReference; lastKnownFileType = sourcecode.c.h; path = AppDelegate.h; sourceTree = "<group>"; };
		F82246D921F5CD6900CFBA4C /* AppDelegate.m */ = {isa = PBXFileReference; lastKnownFileType = sourcecode.c.objc; path = AppDelegate.m; sourceTree = "<group>"; };
		F82246DB21F5CD6900CFBA4C /* ViewController.h */ = {isa = PBXFileReference; lastKnownFileType = sourcecode.c.h; path = ViewController.h; sourceTree = "<group>"; };
		F82246DC21F5CD6900CFBA4C /* ViewController.m */ = {isa = PBXFileReference; lastKnownFileType = sourcecode.c.objc; path = ViewController.m; sourceTree = "<group>"; };
		F82246DF21F5CD6900CFBA4C /* Base */ = {isa = PBXFileReference; lastKnownFileType = file.storyboard; name = Base; path = Base.lproj/Main.storyboard; sourceTree = "<group>"; };
		F82246E121F5CD7000CFBA4C /* Assets.xcassets */ = {isa = PBXFileReference; lastKnownFileType = folder.assetcatalog; path = Assets.xcassets; sourceTree = "<group>"; };
		F82246E421F5CD7000CFBA4C /* Base */ = {isa = PBXFileReference; lastKnownFileType = file.storyboard; name = Base; path = Base.lproj/LaunchScreen.storyboard; sourceTree = "<group>"; };
		F82246E621F5CD7000CFBA4C /* Info.plist */ = {isa = PBXFileReference; lastKnownFileType = text.plist.xml; path = Info.plist; sourceTree = "<group>"; };
		F82246E721F5CD7000CFBA4C /* main.m */ = {isa = PBXFileReference; lastKnownFileType = sourcecode.c.objc; path = main.m; sourceTree = "<group>"; };
		F82246EE21F5CE2500CFBA4C /* AGLKContext.h */ = {isa = PBXFileReference; lastKnownFileType = sourcecode.c.h; path = AGLKContext.h; sourceTree = "<group>"; };
		F82246EF21F5CE2500CFBA4C /* AGLKContext.m */ = {isa = PBXFileReference; lastKnownFileType = sourcecode.c.objc; path = AGLKContext.m; sourceTree = "<group>"; };
		F8334CF421F6B75200E81B04 /* AGLKVertexAttribArrayBuffer.h */ = {isa = PBXFileReference; lastKnownFileType = sourcecode.c.h; path = AGLKVertexAttribArrayBuffer.h; sourceTree = "<group>"; };
		F8334CF521F6B75200E81B04 /* AGLKVertexAttribArrayBuffer.m */ = {isa = PBXFileReference; lastKnownFileType = sourcecode.c.objc; path = AGLKVertexAttribArrayBuffer.m; sourceTree = "<group>"; };
/* End PBXFileReference section */

/* Begin PBXFrameworksBuildPhase section */
		F82246D221F5CD6900CFBA4C /* Frameworks */ = {
			isa = PBXFrameworksBuildPhase;
			buildActionMask = 2147483647;
			files = (
			);
			runOnlyForDeploymentPostprocessing = 0;
		};
/* End PBXFrameworksBuildPhase section */

/* Begin PBXGroup section */
		F82246CC21F5CD6900CFBA4C = {
			isa = PBXGroup;
			children = (
				F82246D721F5CD6900CFBA4C /* OpenGLES_Ch4_1 */,
				F82246D621F5CD6900CFBA4C /* Products */,
			);
			sourceTree = "<group>";
		};
		F82246D621F5CD6900CFBA4C /* Products */ = {
			isa = PBXGroup;
			children = (
				F82246D521F5CD6900CFBA4C /* OpenGLES_Ch4_1.app */,
			);
			name = Products;
			sourceTree = "<group>";
		};
		F82246D721F5CD6900CFBA4C /* OpenGLES_Ch4_1 */ = {
			isa = PBXGroup;
			children = (
				F82246D821F5CD6900CFBA4C /* AppDelegate.h */,
				F82246D921F5CD6900CFBA4C /* AppDelegate.m */,
				F82246EE21F5CE2500CFBA4C /* AGLKContext.h */,
				F82246EF21F5CE2500CFBA4C /* AGLKContext.m */,
				F8334CF421F6B75200E81B04 /* AGLKVertexAttribArrayBuffer.h */,
				F8334CF521F6B75200E81B04 /* AGLKVertexAttribArrayBuffer.m */,
				F82246DB21F5CD6900CFBA4C /* ViewController.h */,
				F82246DC21F5CD6900CFBA4C /* ViewController.m */,
				F82246DE21F5CD6900CFBA4C /* Main.storyboard */,
				F82246E121F5CD7000CFBA4C /* Assets.xcassets */,
				F82246E321F5CD7000CFBA4C /* LaunchScreen.storyboard */,
				F82246E621F5CD7000CFBA4C /* Info.plist */,
				F82246E721F5CD7000CFBA4C /* main.m */,
			);
			path = OpenGLES_Ch4_1;
			sourceTree = "<group>";
		};
/* End PBXGroup section */

/* Begin PBXNativeTarget section */
		F82246D421F5CD6900CFBA4C /* OpenGLES_Ch4_1 */ = {
			isa = PBXNativeTarget;
			buildConfigurationList = F82246EB21F5CD7000CFBA4C /* Build configuration list for PBXNativeTarget "OpenGLES_Ch4_1" */;
			buildPhases = (
				F82246D121F5CD6900CFBA4C /* Sources */,
				F82246D221F5CD6900CFBA4C /* Frameworks */,
				F82246D321F5CD6900CFBA4C /* Resources */,
			);
			buildRules = (
			);
			dependencies = (
			);
			name = OpenGLES_Ch4_1;
			productName = OpenGLES_Ch4_1;
			productReference = F82246D521F5CD6900CFBA4C /* OpenGLES_Ch4_1.app */;
			productType = "com.apple.product-type.application";
		};
/* End PBXNativeTarget section */

/* Begin PBXProject section */
		F82246CD21F5CD6900CFBA4C /* Project object */ = {
			isa = PBXProject;
			attributes = {
				LastUpgradeCheck = 1010;
				ORGANIZATIONNAME = Frank.zhang;
				TargetAttributes = {
					F82246D421F5CD6900CFBA4C = {
						CreatedOnToolsVersion = 10.1;
					};
				};
			};
			buildConfigurationList = F82246D021F5CD6900CFBA4C /* Build configuration list for PBXProject "OpenGLES_Ch4_1" */;
			compatibilityVersion = "Xcode 9.3";
			developmentRegion = en;
			hasScannedForEncodings = 0;
			knownRegions = (
				en,
				Base,
			);
			mainGroup = F82246CC21F5CD6900CFBA4C;
			productRefGroup = F82246D621F5CD6900CFBA4C /* Products */;
			projectDirPath = "";
			projectRoot = "";
			targets = (
				F82246D421F5CD6900CFBA4C /* OpenGLES_Ch4_1 */,
			);
		};
/* End PBXProject section */

/* Begin PBXResourcesBuildPhase section */
		F82246D321F5CD6900CFBA4C /* Resources */ = {
			isa = PBXResourcesBuildPhase;
			buildActionMask = 2147483647;
			files = (
				F82246E521F5CD7000CFBA4C /* LaunchScreen.storyboard in Resources */,
				F82246E221F5CD7000CFBA4C /* Assets.xcassets in Resources */,
				F82246E021F5CD6900CFBA4C /* Main.storyboard in Resources */,
			);
			runOnlyForDeploymentPostprocessing = 0;
		};
/* End PBXResourcesBuildPhase section */

/* Begin PBXSourcesBuildPhase section */
		F82246D121F5CD6900CFBA4C /* Sources */ = {
			isa = PBXSourcesBuildPhase;
			buildActionMask = 2147483647;
			files = (
				F82246F021F5CE2500CFBA4C /* AGLKContext.m in Sources */,
				F82246DD21F5CD6900CFBA4C /* ViewController.m in Sources */,
				F8334CF621F6B75200E81B04 /* AGLKVertexAttribArrayBuffer.m in Sources */,
				F82246E821F5CD7000CFBA4C /* main.m in Sources */,
				F82246DA21F5CD6900CFBA4C /* AppDelegate.m in Sources */,
			);
			runOnlyForDeploymentPostprocessing = 0;
		};
/* End PBXSourcesBuildPhase section */

/* Begin PBXVariantGroup section */
		F82246DE21F5CD6900CFBA4C /* Main.storyboard */ = {
			isa = PBXVariantGroup;
			children = (
				F82246DF21F5CD6900CFBA4C /* Base */,
			);
			name = Main.storyboard;
			sourceTree = "<group>";
		};
		F82246E321F5CD7000CFBA4C /* LaunchScreen.storyboard */ = {
			isa = PBXVariantGroup;
			children = (
				F82246E421F5CD7000CFBA4C /* Base */,
			);
			name = LaunchScreen.storyboard;
			sourceTree = "<group>";
		};
/* End PBXVariantGroup section */

/* Begin XCBuildConfiguration section */
		F82246E921F5CD7000CFBA4C /* Debug */ = {
			isa = XCBuildConfiguration;
			buildSettings = {
				ALWAYS_SEARCH_USER_PATHS = NO;
				CLANG_ANALYZER_NONNULL = YES;
				CLANG_ANALYZER_NUMBER_OBJECT_CONVERSION = YES_AGGRESSIVE;
				CLANG_CXX_LANGUAGE_STANDARD = "gnu++14";
				CLANG_CXX_LIBRARY = "libc++";
				CLANG_ENABLE_MODULES = YES;
				CLANG_ENABLE_OBJC_ARC = YES;
				CLANG_ENABLE_OBJC_WEAK = YES;
				CLANG_WARN_BLOCK_CAPTURE_AUTORELEASING = YES;
				CLANG_WARN_BOOL_CONVERSION = YES;
				CLANG_WARN_COMMA = YES;
				CLANG_WARN_CONSTANT_CONVERSION = YES;
				CLANG_WARN_DEPRECATED_OBJC_IMPLEMENTATIONS = YES;
				CLANG_WARN_DIRECT_OBJC_ISA_USAGE = YES_ERROR;
				CLANG_WARN_DOCUMENTATION_COMMENTS = YES;
				CLANG_WARN_EMPTY_BODY = YES;
				CLANG_WARN_ENUM_CONVERSION = YES;
				CLANG_WARN_INFINITE_RECURSION = YES;
				CLANG_WARN_INT_CONVERSION = YES;
				CLANG_WARN_NON_LITERAL_NULL_CONVERSION = YES;
				CLANG_WARN_OBJC_IMPLICIT_RETAIN_SELF = YES;
				CLANG_WARN_OBJC_LITERAL_CONVERSION = YES;
				CLANG_WARN_OBJC_ROOT_CLASS = YES_ERROR;
				CLANG_WARN_RANGE_LOOP_ANALYSIS = YES;
				CLANG_WARN_STRICT_PROTOTYPES = YES;
				CLANG_WARN_SUSPICIOUS_MOVE = YES;
				CLANG_WARN_UNGUARDED_AVAILABILITY = YES_AGGRESSIVE;
				CLANG_WARN_UNREACHABLE_CODE = YES;
				CLANG_WARN__DUPLICATE_METHOD_MATCH = YES;
				CODE_SIGN_IDENTITY = "iPhone Developer";
				COPY_PHASE_STRIP = NO;
				DEBUG_INFORMATION_FORMAT = dwarf;
				ENABLE_STRICT_OBJC_MSGSEND = YES;
				ENABLE_TESTABILITY = YES;
				GCC_C_LANGUAGE_STANDARD = gnu11;
				GCC_DYNAMIC_NO_PIC = NO;
				GCC_NO_COMMON_BLOCKS = YES;
				GCC_OPTIMIZATION_LEVEL = 0;
				GCC_PREPROCESSOR_DEFINITIONS = (
					"DEBUG=1",
					"$(inherited)",
				);
				GCC_WARN_64_TO_32_BIT_CONVERSION = YES;
				GCC_WARN_ABOUT_RETURN_TYPE = YES_ERROR;
				GCC_WARN_UNDECLARED_SELECTOR = YES;
				GCC_WARN_UNINITIALIZED_AUTOS = YES_AGGRESSIVE;
				GCC_WARN_UNUSED_FUNCTION = YES;
				GCC_WARN_UNUSED_VARIABLE = YES;
				IPHONEOS_DEPLOYMENT_TARGET = 12.1;
				MTL_ENABLE_DEBUG_INFO = INCLUDE_SOURCE;
				MTL_FAST_MATH = YES;
				ONLY_ACTIVE_ARCH = YES;
				SDKROOT = iphoneos;
			};
			name = Debug;
		};
		F82246EA21F5CD7000CFBA4C /* Release */ = {
			isa = XCBuildConfiguration;
			buildSettings = {
				ALWAYS_SEARCH_USER_PATHS = NO;
				CLANG_ANALYZER_NONNULL = YES;
				CLANG_ANALYZER_NUMBER_OBJECT_CONVERSION = YES_AGGRESSIVE;
				CLANG_CXX_LANGUAGE_STANDARD = "gnu++14";
				CLANG_CXX_LIBRARY = "libc++";
				CLANG_ENABLE_MODULES = YES;
				CLANG_ENABLE_OBJC_ARC = YES;
				CLANG_ENABLE_OBJC_WEAK = YES;
				CLANG_WARN_BLOCK_CAPTURE_AUTORELEASING = YES;
				CLANG_WARN_BOOL_CONVERSION = YES;
				CLANG_WARN_COMMA = YES;
				CLANG_WARN_CONSTANT_CONVERSION = YES;
				CLANG_WARN_DEPRECATED_OBJC_IMPLEMENTATIONS = YES;
				CLANG_WARN_DIRECT_OBJC_ISA_USAGE = YES_ERROR;
				CLANG_WARN_DOCUMENTATION_COMMENTS = YES;
				CLANG_WARN_EMPTY_BODY = YES;
				CLANG_WARN_ENUM_CONVERSION = YES;
				CLANG_WARN_INFINITE_RECURSION = YES;
				CLANG_WARN_INT_CONVERSION = YES;
				CLANG_WARN_NON_LITERAL_NULL_CONVERSION = YES;
				CLANG_WARN_OBJC_IMPLICIT_RETAIN_SELF = YES;
				CLANG_WARN_OBJC_LITERAL_CONVERSION = YES;
				CLANG_WARN_OBJC_ROOT_CLASS = YES_ERROR;
				CLANG_WARN_RANGE_LOOP_ANALYSIS = YES;
				CLANG_WARN_STRICT_PROTOTYPES = YES;
				CLANG_WARN_SUSPICIOUS_MOVE = YES;
				CLANG_WARN_UNGUARDED_AVAILABILITY = YES_AGGRESSIVE;
				CLANG_WARN_UNREACHABLE_CODE = YES;
				CLANG_WARN__DUPLICATE_METHOD_MATCH = YES;
				CODE_SIGN_IDENTITY = "iPhone Developer";
				COPY_PHASE_STRIP = NO;
				DEBUG_INFORMATION_FORMAT = "dwarf-with-dsym";
				ENABLE_NS_ASSERTIONS = NO;
				ENABLE_STRICT_OBJC_MSGSEND = YES;
				GCC_C_LANGUAGE_STANDARD = gnu11;
				GCC_NO_COMMON_BLOCKS = YES;
				GCC_WARN_64_TO_32_BIT_CONVERSION = YES;
				GCC_WARN_ABOUT_RETURN_TYPE = YES_ERROR;
				GCC_WARN_UNDECLARED_SELECTOR = YES;
				GCC_WARN_UNINITIALIZED_AUTOS = YES_AGGRESSIVE;
				GCC_WARN_UNUSED_FUNCTION = YES;
				GCC_WARN_UNUSED_VARIABLE = YES;
				IPHONEOS_DEPLOYMENT_TARGET = 12.1;
				MTL_ENABLE_DEBUG_INFO = NO;
				MTL_FAST_MATH = YES;
				SDKROOT = iphoneos;
				VALIDATE_PRODUCT = YES;
			};
			name = Release;
		};
		F82246EC21F5CD7000CFBA4C /* Debug */ = {
			isa = XCBuildConfiguration;
			buildSettings = {
				ASSETCATALOG_COMPILER_APPICON_NAME = AppIcon;
				CODE_SIGN_STYLE = Automatic;
				DEVELOPMENT_TEAM = 6BWWY5VW6C;
				INFOPLIST_FILE = OpenGLES_Ch4_1/Info.plist;
				LD_RUNPATH_SEARCH_PATHS = (
					"$(inherited)",
					"@executable_path/Frameworks",
				);
				PRODUCT_BUNDLE_IDENTIFIER = "Neulion.OpenGLES-Ch4-1";
				PRODUCT_NAME = "$(TARGET_NAME)";
				TARGETED_DEVICE_FAMILY = "1,2";
			};
			name = Debug;
		};
		F82246ED21F5CD7000CFBA4C /* Release */ = {
			isa = XCBuildConfiguration;
			buildSettings = {
				ASSETCATALOG_COMPILER_APPICON_NAME = AppIcon;
				CODE_SIGN_STYLE = Automatic;
				DEVELOPMENT_TEAM = 6BWWY5VW6C;
				INFOPLIST_FILE = OpenGLES_Ch4_1/Info.plist;
				LD_RUNPATH_SEARCH_PATHS = (
					"$(inherited)",
					"@executable_path/Frameworks",
				);
				PRODUCT_BUNDLE_IDENTIFIER = "Neulion.OpenGLES-Ch4-1";
				PRODUCT_NAME = "$(TARGET_NAME)";
				TARGETED_DEVICE_FAMILY = "1,2";
			};
			name = Release;
		};
/* End XCBuildConfiguration section */

/* Begin XCConfigurationList section */
		F82246D021F5CD6900CFBA4C /* Build configuration list for PBXProject "OpenGLES_Ch4_1" */ = {
			isa = XCConfigurationList;
			buildConfigurations = (
				F82246E921F5CD7000CFBA4C /* Debug */,
				F82246EA21F5CD7000CFBA4C /* Release */,
			);
			defaultConfigurationIsVisible = 0;
			defaultConfigurationName = Release;
		};
		F82246EB21F5CD7000CFBA4C /* Build configuration list for PBXNativeTarget "OpenGLES_Ch4_1" */ = {
			isa = XCConfigurationList;
			buildConfigurations = (
				F82246EC21F5CD7000CFBA4C /* Debug */,
				F82246ED21F5CD7000CFBA4C /* Release */,
			);
			defaultConfigurationIsVisible = 0;
			defaultConfigurationName = Release;
		};
/* End XCConfigurationList section */
	};
	rootObject = F82246CD21F5CD6900CFBA4C /* Project object */;
}
